
Microsoft Visual Studio Solution File, Format Version 12.00
# Visual Studio Version 16
VisualStudioVersion = 16.0.30128.74
MinimumVisualStudioVersion = 10.0.40219.1
Project("{FAE04EC0-301F-11D3-BF4B-00C04F79EFBC}") = "WebAPI", "WebAPI\WebAPI.csproj", "{9708D724-71F3-48CF-B458-E9BE9421D610}"
EndProject
Global
	GlobalSection(SolutionConfigurationPlatforms) = preSolution
		Debug|Any CPU = Debug|Any CPU
		Release|Any CPU = Release|Any CPU
	EndGlobalSection
	GlobalSection(ProjectConfigurationPlatforms) = postSolution
		{9708D724-71F3-48CF-B458-E9BE9421D610}.Debug|Any CPU.ActiveCfg = Debug|Any CPU
		{9708D724-71F3-48CF-B458-E9BE9421D610}.Debug|Any CPU.Build.0 = Debug|Any CPU
		{9708D724-71F3-48CF-B458-E9BE9421D610}.Release|Any CPU.ActiveCfg = Release|Any CPU
		{9708D724-71F3-48CF-B458-E9BE9421D610}.Release|Any CPU.Build.0 = Release|Any CPU
	EndGlobalSection
	GlobalSection(SolutionProperties) = preSolution
		HideSolutionNode = FALSE
	EndGlobalSection
	GlobalSection(ExtensibilityGlobals) = postSolution
		SolutionGuid = {757D8078-947C-4057-8C0A-088EFBB91788}
	EndGlobalSection
EndGlobal
